{
  "name": "atlassian-rest-scripts",
  "version": "1.0.0",
  "lockfileVersion": 3,
  "requires": true,
  "packages": {
    "": {
      "name": "atlassian-rest-scripts",
      "version": "1.0.0",
      "license": "ISC",
      "dependencies": {
        "marked": "^17.0.4",
        "marklassian": "^1.2.0"
      }
    },
    "node_modules/marked": {
      "version": "17.0.4",
      "resolved": "https://registry.npmjs.org/marked/-/marked-17.0.4.tgz",
      "integrity": "sha512-NOmVMM+KAokHMvjWmC5N/ZOvgmSWuqJB8FoYI019j4ogb/PeRMKoKIjReZ2w3376kkA8dSJIP8uD993Kxc0iRQ==",
      "license": "MIT",
      "bin": {
        "marked": "bin/marked.js"
      },
      "engines": {
        "node": ">= 20"
      }
    },
    "node_modules/marklassian": {
      "version": "1.2.0",
      "resolved": "https://registry.npmjs.org/marklassian/-/marklassian-1.2.0.tgz",
      "integrity": "sha512-TYGcoPYPDokOtpMOkojhpd5NaLe5zfe1NUcJWbej+fXGyloyQQ+RDnH1ERRjL2+N3AY5xgo73gh/brchSh+oEg==",
      "license": "MIT",
      "dependencies": {
        "marked": "^15.0.6 || ^16.0.0"
      }
    },
    "node_modules/marklassian/node_modules/marked": {
      "version": "16.4.2",
      "resolved": "https://registry.npmjs.org/marked/-/marked-16.4.2.tgz",
      "integrity": "sha512-TI3V8YYWvkVf3KJe1dRkpnjs68JUPyEa5vjKrp1XEEJUAOaQc+Qj+L1qWbPd0SJuAdQkFU0h73sXXqwDYxsiDA==",
      "license": "MIT",
      "bin": {
        "marked": "bin/marked.js"
      },
      "engines": {
        "node": ">= 20"
      }
    }
  }
}
